{
  "object": {
    "pins": [
      {
        "package": "OneLogger",
        "repositoryURL": "https://github.com/enhorn/OneLogger.git",
        "state": {
          "branch": "main",
          "revision": "9230be90a5005997dc901eefd585a2052c4024a2",
          "version": null
        }
      }
    ]
  },
  "version": 1
}
