{
  "object": {
    "pins": [
      {
        "package": "OneLogger",
        "repositoryURL": "https://github.com/enhorn/OneLogger.git",
        "state": {
          "branch": "main",
          "revision": "8315c97b404a536f1c0132669ea68b1f9300cec4",
          "version": null
        }
      }
    ]
  },
  "version": 1
}
