// !$*UTF8*$!
{
	archiveVersion = 1;
	classes = {
	};
	objectVersion = 52;
	objects = {

/* Begin PBXBuildFile section */
		6B4006A723AE7F9100690B23 /* ContentView.swift in Sources */ = {isa = PBXBuildFile; fileRef = 6BD76C0F23AE7C44002ADB54 /* ContentView.swift */; };
		6B891E6623AE7DF0001D9D39 /* Network.swift in Sources */ = {isa = PBXBuildFile; fileRef = 6B891E6523AE7DF0001D9D39 /* Network.swift */; };
		6BF320E023AE776300A099AA /* AppDelegate.swift in Sources */ = {isa = PBXBuildFile; fileRef = 6BF320DF23AE776300A099AA /* AppDelegate.swift */; };
		6BF320E423AE776300A099AA /* Assets.xcassets in Resources */ = {isa = PBXBuildFile; fileRef = 6BF320E323AE776300A099AA /* Assets.xcassets */; };
		6BF320E723AE776300A099AA /* Preview Assets.xcassets in Resources */ = {isa = PBXBuildFile; fileRef = 6BF320E623AE776300A099AA /* Preview Assets.xcassets */; };
		6BF320EA23AE776300A099AA /* Main.storyboard in Resources */ = {isa = PBXBuildFile; fileRef = 6BF320E823AE776300A099AA /* Main.storyboard */; };
		6BF320F423AE779E00A099AA /* OneNetwork in Frameworks */ = {isa = PBXBuildFile; productRef = 6BF320F323AE779E00A099AA /* OneNetwork */; };
/* End PBXBuildFile section */

/* Begin PBXFileReference section */
		6B891E6523AE7DF0001D9D39 /* Network.swift */ = {isa = PBXFileReference; lastKnownFileType = sourcecode.swift; path = Network.swift; sourceTree = "<group>"; };
		6BD76C0F23AE7C44002ADB54 /* ContentView.swift */ = {isa = PBXFileReference; fileEncoding = 4; lastKnownFileType = sourcecode.swift; path = ContentView.swift; sourceTree = "<group>"; };
		6BF320DC23AE776300A099AA /* Thesaurus.app */ = {isa = PBXFileReference; explicitFileType = wrapper.application; includeInIndex = 0; path = Thesaurus.app; sourceTree = BUILT_PRODUCTS_DIR; };
		6BF320DF23AE776300A099AA /* AppDelegate.swift */ = {isa = PBXFileReference; lastKnownFileType = sourcecode.swift; path = AppDelegate.swift; sourceTree = "<group>"; };
		6BF320E323AE776300A099AA /* Assets.xcassets */ = {isa = PBXFileReference; lastKnownFileType = folder.assetcatalog; path = Assets.xcassets; sourceTree = "<group>"; };
		6BF320E623AE776300A099AA /* Preview Assets.xcassets */ = {isa = PBXFileReference; lastKnownFileType = folder.assetcatalog; path = "Preview Assets.xcassets"; sourceTree = "<group>"; };
		6BF320E923AE776300A099AA /* Base */ = {isa = PBXFileReference; lastKnownFileType = file.storyboard; name = Base; path = Base.lproj/Main.storyboard; sourceTree = "<group>"; };
		6BF320EB23AE776300A099AA /* Info.plist */ = {isa = PBXFileReference; lastKnownFileType = text.plist.xml; path = Info.plist; sourceTree = "<group>"; };
		6BF320EC23AE776300A099AA /* Thesaurus.entitlements */ = {isa = PBXFileReference; lastKnownFileType = text.plist.entitlements; path = Thesaurus.entitlements; sourceTree = "<group>"; };
/* End PBXFileReference section */

/* Begin PBXFrameworksBuildPhase section */
		6BF320D923AE776300A099AA /* Frameworks */ = {
			isa = PBXFrameworksBuildPhase;
			buildActionMask = 2147483647;
			files = (
				6BF320F423AE779E00A099AA /* OneNetwork in Frameworks */,
			);
			runOnlyForDeploymentPostprocessing = 0;
		};
/* End PBXFrameworksBuildPhase section */

/* Begin PBXGroup section */
		6BF320D323AE776300A099AA = {
			isa = PBXGroup;
			children = (
				6BF320DE23AE776300A099AA /* Thesaurus */,
				6BF320DD23AE776300A099AA /* Products */,
			);
			sourceTree = "<group>";
		};
		6BF320DD23AE776300A099AA /* Products */ = {
			isa = PBXGroup;
			children = (
				6BF320DC23AE776300A099AA /* Thesaurus.app */,
			);
			name = Products;
			sourceTree = "<group>";
		};
		6BF320DE23AE776300A099AA /* Thesaurus */ = {
			isa = PBXGroup;
			children = (
				6BF320DF23AE776300A099AA /* AppDelegate.swift */,
				6BF320E323AE776300A099AA /* Assets.xcassets */,
				6BD76C0F23AE7C44002ADB54 /* ContentView.swift */,
				6B891E6523AE7DF0001D9D39 /* Network.swift */,
				6BF320EB23AE776300A099AA /* Info.plist */,
				6BF320E823AE776300A099AA /* Main.storyboard */,
				6BF320E523AE776300A099AA /* Preview Content */,
				6BF320EC23AE776300A099AA /* Thesaurus.entitlements */,
			);
			path = Thesaurus;
			sourceTree = "<group>";
		};
		6BF320E523AE776300A099AA /* Preview Content */ = {
			isa = PBXGroup;
			children = (
				6BF320E623AE776300A099AA /* Preview Assets.xcassets */,
			);
			path = "Preview Content";
			sourceTree = "<group>";
		};
/* End PBXGroup section */

/* Begin PBXNativeTarget section */
		6BF320DB23AE776300A099AA /* Thesaurus */ = {
			isa = PBXNativeTarget;
			buildConfigurationList = 6BF320EF23AE776300A099AA /* Build configuration list for PBXNativeTarget "Thesaurus" */;
			buildPhases = (
				6BF320D823AE776300A099AA /* Sources */,
				6BF320D923AE776300A099AA /* Frameworks */,
				6BF320DA23AE776300A099AA /* Resources */,
			);
			buildRules = (
			);
			dependencies = (
			);
			name = Thesaurus;
			packageProductDependencies = (
				6BF320F323AE779E00A099AA /* OneNetwork */,
			);
			productName = Thesaurus;
			productReference = 6BF320DC23AE776300A099AA /* Thesaurus.app */;
			productType = "com.apple.product-type.application";
		};
/* End PBXNativeTarget section */

/* Begin PBXProject section */
		6BF320D423AE776300A099AA /* Project object */ = {
			isa = PBXProject;
			attributes = {
				LastSwiftUpdateCheck = 1130;
				LastUpgradeCheck = 1130;
				ORGANIZATIONNAME = Enhorn;
				TargetAttributes = {
					6BF320DB23AE776300A099AA = {
						CreatedOnToolsVersion = 11.3;
					};
				};
			};
			buildConfigurationList = 6BF320D723AE776300A099AA /* Build configuration list for PBXProject "Thesaurus" */;
			compatibilityVersion = "Xcode 9.3";
			developmentRegion = en;
			hasScannedForEncodings = 0;
			knownRegions = (
				en,
				Base,
			);
			mainGroup = 6BF320D323AE776300A099AA;
			packageReferences = (
				6BF320F223AE779E00A099AA /* XCRemoteSwiftPackageReference "OneNetwork" */,
			);
			productRefGroup = 6BF320DD23AE776300A099AA /* Products */;
			projectDirPath = "";
			projectRoot = "";
			targets = (
				6BF320DB23AE776300A099AA /* Thesaurus */,
			);
		};
/* End PBXProject section */

/* Begin PBXResourcesBuildPhase section */
		6BF320DA23AE776300A099AA /* Resources */ = {
			isa = PBXResourcesBuildPhase;
			buildActionMask = 2147483647;
			files = (
				6BF320EA23AE776300A099AA /* Main.storyboard in Resources */,
				6BF320E723AE776300A099AA /* Preview Assets.xcassets in Resources */,
				6BF320E423AE776300A099AA /* Assets.xcassets in Resources */,
			);
			runOnlyForDeploymentPostprocessing = 0;
		};
/* End PBXResourcesBuildPhase section */

/* Begin PBXSourcesBuildPhase section */
		6BF320D823AE776300A099AA /* Sources */ = {
			isa = PBXSourcesBuildPhase;
			buildActionMask = 2147483647;
			files = (
				6BF320E023AE776300A099AA /* AppDelegate.swift in Sources */,
				6B891E6623AE7DF0001D9D39 /* Network.swift in Sources */,
				6B4006A723AE7F9100690B23 /* ContentView.swift in Sources */,
			);
			runOnlyForDeploymentPostprocessing = 0;
		};
/* End PBXSourcesBuildPhase section */

/* Begin PBXVariantGroup section */
		6BF320E823AE776300A099AA /* Main.storyboard */ = {
			isa = PBXVariantGroup;
			children = (
				6BF320E923AE776300A099AA /* Base */,
			);
			name = Main.storyboard;
			sourceTree = "<group>";
		};
/* End PBXVariantGroup section */

/* Begin XCBuildConfiguration section */
		6BF320ED23AE776300A099AA /* Debug */ = {
			isa = XCBuildConfiguration;
			buildSettings = {
				ALWAYS_SEARCH_USER_PATHS = NO;
				CLANG_ANALYZER_NONNULL = YES;
				CLANG_ANALYZER_NUMBER_OBJECT_CONVERSION = YES_AGGRESSIVE;
				CLANG_CXX_LANGUAGE_STANDARD = "gnu++14";
				CLANG_CXX_LIBRARY = "libc++";
				CLANG_ENABLE_MODULES = YES;
				CLANG_ENABLE_OBJC_ARC = YES;
				CLANG_ENABLE_OBJC_WEAK = YES;
				CLANG_WARN_BLOCK_CAPTURE_AUTORELEASING = YES;
				CLANG_WARN_BOOL_CONVERSION = YES;
				CLANG_WARN_COMMA = YES;
				CLANG_WARN_CONSTANT_CONVERSION = YES;
				CLANG_WARN_DEPRECATED_OBJC_IMPLEMENTATIONS = YES;
				CLANG_WARN_DIRECT_OBJC_ISA_USAGE = YES_ERROR;
				CLANG_WARN_DOCUMENTATION_COMMENTS = YES;
				CLANG_WARN_EMPTY_BODY = YES;
				CLANG_WARN_ENUM_CONVERSION = YES;
				CLANG_WARN_INFINITE_RECURSION = YES;
				CLANG_WARN_INT_CONVERSION = YES;
				CLANG_WARN_NON_LITERAL_NULL_CONVERSION = YES;
				CLANG_WARN_OBJC_IMPLICIT_RETAIN_SELF = YES;
				CLANG_WARN_OBJC_LITERAL_CONVERSION = YES;
				CLANG_WARN_OBJC_ROOT_CLASS = YES_ERROR;
				CLANG_WARN_RANGE_LOOP_ANALYSIS = YES;
				CLANG_WARN_STRICT_PROTOTYPES = YES;
				CLANG_WARN_SUSPICIOUS_MOVE = YES;
				CLANG_WARN_UNGUARDED_AVAILABILITY = YES_AGGRESSIVE;
				CLANG_WARN_UNREACHABLE_CODE = YES;
				CLANG_WARN__DUPLICATE_METHOD_MATCH = YES;
				COPY_PHASE_STRIP = NO;
				DEBUG_INFORMATION_FORMAT = dwarf;
				ENABLE_STRICT_OBJC_MSGSEND = YES;
				ENABLE_TESTABILITY = YES;
				GCC_C_LANGUAGE_STANDARD = gnu11;
				GCC_DYNAMIC_NO_PIC = NO;
				GCC_NO_COMMON_BLOCKS = YES;
				GCC_OPTIMIZATION_LEVEL = 0;
				GCC_PREPROCESSOR_DEFINITIONS = (
					"DEBUG=1",
					"$(inherited)",
				);
				GCC_WARN_64_TO_32_BIT_CONVERSION = YES;
				GCC_WARN_ABOUT_RETURN_TYPE = YES_ERROR;
				GCC_WARN_UNDECLARED_SELECTOR = YES;
				GCC_WARN_UNINITIALIZED_AUTOS = YES_AGGRESSIVE;
				GCC_WARN_UNUSED_FUNCTION = YES;
				GCC_WARN_UNUSED_VARIABLE = YES;
				MACOSX_DEPLOYMENT_TARGET = 10.15;
				MTL_ENABLE_DEBUG_INFO = INCLUDE_SOURCE;
				MTL_FAST_MATH = YES;
				ONLY_ACTIVE_ARCH = YES;
				SDKROOT = macosx;
				SWIFT_ACTIVE_COMPILATION_CONDITIONS = DEBUG;
				SWIFT_OPTIMIZATION_LEVEL = "-Onone";
			};
			name = Debug;
		};
		6BF320EE23AE776300A099AA /* Release */ = {
			isa = XCBuildConfiguration;
			buildSettings = {
				ALWAYS_SEARCH_USER_PATHS = NO;
				CLANG_ANALYZER_NONNULL = YES;
				CLANG_ANALYZER_NUMBER_OBJECT_CONVERSION = YES_AGGRESSIVE;
				CLANG_CXX_LANGUAGE_STANDARD = "gnu++14";
				CLANG_CXX_LIBRARY = "libc++";
				CLANG_ENABLE_MODULES = YES;
				CLANG_ENABLE_OBJC_ARC = YES;
				CLANG_ENABLE_OBJC_WEAK = YES;
				CLANG_WARN_BLOCK_CAPTURE_AUTORELEASING = YES;
				CLANG_WARN_BOOL_CONVERSION = YES;
				CLANG_WARN_COMMA = YES;
				CLANG_WARN_CONSTANT_CONVERSION = YES;
				CLANG_WARN_DEPRECATED_OBJC_IMPLEMENTATIONS = YES;
				CLANG_WARN_DIRECT_OBJC_ISA_USAGE = YES_ERROR;
				CLANG_WARN_DOCUMENTATION_COMMENTS = YES;
				CLANG_WARN_EMPTY_BODY = YES;
				CLANG_WARN_ENUM_CONVERSION = YES;
				CLANG_WARN_INFINITE_RECURSION = YES;
				CLANG_WARN_INT_CONVERSION = YES;
				CLANG_WARN_NON_LITERAL_NULL_CONVERSION = YES;
				CLANG_WARN_OBJC_IMPLICIT_RETAIN_SELF = YES;
				CLANG_WARN_OBJC_LITERAL_CONVERSION = YES;
				CLANG_WARN_OBJC_ROOT_CLASS = YES_ERROR;
				CLANG_WARN_RANGE_LOOP_ANALYSIS = YES;
				CLANG_WARN_STRICT_PROTOTYPES = YES;
				CLANG_WARN_SUSPICIOUS_MOVE = YES;
				CLANG_WARN_UNGUARDED_AVAILABILITY = YES_AGGRESSIVE;
				CLANG_WARN_UNREACHABLE_CODE = YES;
				CLANG_WARN__DUPLICATE_METHOD_MATCH = YES;
				COPY_PHASE_STRIP = NO;
				DEBUG_INFORMATION_FORMAT = "dwarf-with-dsym";
				ENABLE_NS_ASSERTIONS = NO;
				ENABLE_STRICT_OBJC_MSGSEND = YES;
				GCC_C_LANGUAGE_STANDARD = gnu11;
				GCC_NO_COMMON_BLOCKS = YES;
				GCC_WARN_64_TO_32_BIT_CONVERSION = YES;
				GCC_WARN_ABOUT_RETURN_TYPE = YES_ERROR;
				GCC_WARN_UNDECLARED_SELECTOR = YES;
				GCC_WARN_UNINITIALIZED_AUTOS = YES_AGGRESSIVE;
				GCC_WARN_UNUSED_FUNCTION = YES;
				GCC_WARN_UNUSED_VARIABLE = YES;
				MACOSX_DEPLOYMENT_TARGET = 10.15;
				MTL_ENABLE_DEBUG_INFO = NO;
				MTL_FAST_MATH = YES;
				SDKROOT = macosx;
				SWIFT_COMPILATION_MODE = wholemodule;
				SWIFT_OPTIMIZATION_LEVEL = "-O";
			};
			name = Release;
		};
		6BF320F023AE776300A099AA /* Debug */ = {
			isa = XCBuildConfiguration;
			buildSettings = {
				ASSETCATALOG_COMPILER_APPICON_NAME = AppIcon;
				CODE_SIGN_ENTITLEMENTS = Thesaurus/Thesaurus.entitlements;
				CODE_SIGN_STYLE = Automatic;
				COMBINE_HIDPI_IMAGES = YES;
				DEVELOPMENT_ASSET_PATHS = "\"Thesaurus/Preview Content\"";
				ENABLE_PREVIEWS = YES;
				INFOPLIST_FILE = Thesaurus/Info.plist;
				LD_RUNPATH_SEARCH_PATHS = (
					"$(inherited)",
					"@executable_path/../Frameworks",
				);
				MACOSX_DEPLOYMENT_TARGET = 10.15;
				PRODUCT_BUNDLE_IDENTIFIER = se.enhorn.Thesaurus;
				PRODUCT_NAME = "$(TARGET_NAME)";
				SWIFT_VERSION = 5.0;
			};
			name = Debug;
		};
		6BF320F123AE776300A099AA /* Release */ = {
			isa = XCBuildConfiguration;
			buildSettings = {
				ASSETCATALOG_COMPILER_APPICON_NAME = AppIcon;
				CODE_SIGN_ENTITLEMENTS = Thesaurus/Thesaurus.entitlements;
				CODE_SIGN_STYLE = Automatic;
				COMBINE_HIDPI_IMAGES = YES;
				DEVELOPMENT_ASSET_PATHS = "\"Thesaurus/Preview Content\"";
				ENABLE_PREVIEWS = YES;
				INFOPLIST_FILE = Thesaurus/Info.plist;
				LD_RUNPATH_SEARCH_PATHS = (
					"$(inherited)",
					"@executable_path/../Frameworks",
				);
				MACOSX_DEPLOYMENT_TARGET = 10.15;
				PRODUCT_BUNDLE_IDENTIFIER = se.enhorn.Thesaurus;
				PRODUCT_NAME = "$(TARGET_NAME)";
				SWIFT_VERSION = 5.0;
			};
			name = Release;
		};
/* End XCBuildConfiguration section */

/* Begin XCConfigurationList section */
		6BF320D723AE776300A099AA /* Build configuration list for PBXProject "Thesaurus" */ = {
			isa = XCConfigurationList;
			buildConfigurations = (
				6BF320ED23AE776300A099AA /* Debug */,
				6BF320EE23AE776300A099AA /* Release */,
			);
			defaultConfigurationIsVisible = 0;
			defaultConfigurationName = Release;
		};
		6BF320EF23AE776300A099AA /* Build configuration list for PBXNativeTarget "Thesaurus" */ = {
			isa = XCConfigurationList;
			buildConfigurations = (
				6BF320F023AE776300A099AA /* Debug */,
				6BF320F123AE776300A099AA /* Release */,
			);
			defaultConfigurationIsVisible = 0;
			defaultConfigurationName = Release;
		};
/* End XCConfigurationList section */

/* Begin XCRemoteSwiftPackageReference section */
		6BF320F223AE779E00A099AA /* XCRemoteSwiftPackageReference "OneNetwork" */ = {
			isa = XCRemoteSwiftPackageReference;
			repositoryURL = "git@github.com:enhorn/OneNetwork.git";
			requirement = {
				kind = upToNextMajorVersion;
				minimumVersion = 0.0.16;
			};
		};
/* End XCRemoteSwiftPackageReference section */

/* Begin XCSwiftPackageProductDependency section */
		6BF320F323AE779E00A099AA /* OneNetwork */ = {
			isa = XCSwiftPackageProductDependency;
			package = 6BF320F223AE779E00A099AA /* XCRemoteSwiftPackageReference "OneNetwork" */;
			productName = OneNetwork;
		};
/* End XCSwiftPackageProductDependency section */
	};
	rootObject = 6BF320D423AE776300A099AA /* Project object */;
}
