{
  "object": {
    "pins": [
      {
        "package": "OneNetwork",
        "repositoryURL": "git@github.com:enhorn/OneNetwork.git",
        "state": {
          "branch": null,
          "revision": "31e551478c8fbcbfd03450f216aa5e0c4b20a721",
          "version": "0.0.19"
        }
      }
    ]
  },
  "version": 1
}
