{
  "object": {
    "pins": [
      {
        "package": "OneNetwork",
        "repositoryURL": "git@github.com:enhorn/OneNetwork.git",
        "state": {
          "branch": null,
          "revision": "e137a345be0932f58c62c4478f3ab906368a26ed",
          "version": "0.0.30"
        }
      }
    ]
  },
  "version": 1
}
