{
  "object": {
    "pins": [
      {
        "package": "OneNetwork",
        "repositoryURL": "git@github.com:enhorn/OneNetwork.git",
        "state": {
          "branch": null,
          "revision": "e7d0558f434ca2f3a29578bbc07f7b2a9e77513a",
          "version": "0.0.26"
        }
      }
    ]
  },
  "version": 1
}
