{
  "object": {
    "pins": [
      {
        "package": "OneNetwork",
        "repositoryURL": "git@github.com:enhorn/OneNetwork.git",
        "state": {
          "branch": "develop",
          "revision": "d6d8fecc50cc13879d73ad7c4ad2ba8575e25718",
          "version": null
        }
      }
    ]
  },
  "version": 1
}
